# This file is automatically generated.
# It is not intended for manual editing.
version = 1

[[packages]]
name = "wasi:cli"
registry = "wasi.dev"

[[packages.versions]]
requirement = "=0.3.0"
version = "0.3.0"
digest = "sha256:3a2d58743b67a057f7210b9a73d3b21b34ec7895ffe34d1cb092927307156e40"

[[packages]]
name = "wasi:webgpu"
registry = "wasi.dev"

[[packages.versions]]
requirement = "=0.3.0-rc.2"
version = "0.3.0-rc.2"
digest = "sha256:9ba613b2be1cc74135f496e684f3b2bdd373507302c56ddae8a16398f3c70866"

[[packages]]
name = "wasi-gfx:surface"
registry = "ghcr.io"

[[packages.versions]]
requirement = "=0.2.0"
version = "0.2.0"
digest = "sha256:ce90762db49f383d87c59d42b5401eea4005720dac3122121c14aec97faed12c"
